// !$*UTF8*$!
{
	archiveVersion = 1;
	classes = {
	};
	objectVersion = 50;
	objects = {

/* Begin PBXBuildFile section */
		1292D1EF2609FA4D00A3A062 /* AppDelegate.swift in Sources */ = {isa = PBXBuildFile; fileRef = 1292D1EE2609FA4D00A3A062 /* AppDelegate.swift */; };
		1292D1F12609FA4D00A3A062 /* SceneDelegate.swift in Sources */ = {isa = PBXBuildFile; fileRef = 1292D1F02609FA4D00A3A062 /* SceneDelegate.swift */; };
		1292D1F32609FA4D00A3A062 /* ContentView.swift in Sources */ = {isa = PBXBuildFile; fileRef = 1292D1F22609FA4D00A3A062 /* ContentView.swift */; };
		1292D1F52609FA4E00A3A062 /* Assets.xcassets in Resources */ = {isa = PBXBuildFile; fileRef = 1292D1F42609FA4E00A3A062 /* Assets.xcassets */; };
		1292D1F82609FA4E00A3A062 /* Preview Assets.xcassets in Resources */ = {isa = PBXBuildFile; fileRef = 1292D1F72609FA4E00A3A062 /* Preview Assets.xcassets */; };
		1292D1FB2609FA4E00A3A062 /* LaunchScreen.storyboard in Resources */ = {isa = PBXBuildFile; fileRef = 1292D1F92609FA4E00A3A062 /* LaunchScreen.storyboard */; };
		1292D2002609FA4E00A3A062 /* WatchConnect WatchKit App.app in Embed Watch Content */ = {isa = PBXBuildFile; fileRef = 1292D1FF2609FA4E00A3A062 /* WatchConnect WatchKit App.app */; settings = {ATTRIBUTES = (RemoveHeadersOnCopy, ); }; };
		1292D2062609FA4E00A3A062 /* Interface.storyboard in Resources */ = {isa = PBXBuildFile; fileRef = 1292D2042609FA4E00A3A062 /* Interface.storyboard */; };
		1292D2082609FA4E00A3A062 /* Assets.xcassets in Resources */ = {isa = PBXBuildFile; fileRef = 1292D2072609FA4E00A3A062 /* Assets.xcassets */; };
		1292D20F2609FA4F00A3A062 /* WatchConnect WatchKit Extension.appex in Embed App Extensions */ = {isa = PBXBuildFile; fileRef = 1292D20E2609FA4F00A3A062 /* WatchConnect WatchKit Extension.appex */; settings = {ATTRIBUTES = (RemoveHeadersOnCopy, ); }; };
		1292D2142609FA4F00A3A062 /* HostingController.swift in Sources */ = {isa = PBXBuildFile; fileRef = 1292D2132609FA4F00A3A062 /* HostingController.swift */; };
		1292D2162609FA4F00A3A062 /* ContentView.swift in Sources */ = {isa = PBXBuildFile; fileRef = 1292D2152609FA4F00A3A062 /* ContentView.swift */; };
		1292D2182609FA4F00A3A062 /* ExtensionDelegate.swift in Sources */ = {isa = PBXBuildFile; fileRef = 1292D2172609FA4F00A3A062 /* ExtensionDelegate.swift */; };
		1292D21A2609FA4F00A3A062 /* ComplicationController.swift in Sources */ = {isa = PBXBuildFile; fileRef = 1292D2192609FA4F00A3A062 /* ComplicationController.swift */; };
		1292D21C2609FA4F00A3A062 /* Assets.xcassets in Resources */ = {isa = PBXBuildFile; fileRef = 1292D21B2609FA4F00A3A062 /* Assets.xcassets */; };
		1292D21F2609FA4F00A3A062 /* Preview Assets.xcassets in Resources */ = {isa = PBXBuildFile; fileRef = 1292D21E2609FA4F00A3A062 /* Preview Assets.xcassets */; };
		1292D2322609FBF000A3A062 /* Connectivity.swift in Sources */ = {isa = PBXBuildFile; fileRef = 1292D2312609FBF000A3A062 /* Connectivity.swift */; };
		1292D2332609FBF000A3A062 /* Connectivity.swift in Sources */ = {isa = PBXBuildFile; fileRef = 1292D2312609FBF000A3A062 /* Connectivity.swift */; };
/* End PBXBuildFile section */

/* Begin PBXContainerItemProxy section */
		1292D2012609FA4E00A3A062 /* PBXContainerItemProxy */ = {
			isa = PBXContainerItemProxy;
			containerPortal = 1292D1E32609FA4C00A3A062 /* Project object */;
			proxyType = 1;
			remoteGlobalIDString = 1292D1FE2609FA4E00A3A062;
			remoteInfo = "WatchConnect WatchKit App";
		};
		1292D2102609FA4F00A3A062 /* PBXContainerItemProxy */ = {
			isa = PBXContainerItemProxy;
			containerPortal = 1292D1E32609FA4C00A3A062 /* Project object */;
			proxyType = 1;
			remoteGlobalIDString = 1292D20D2609FA4F00A3A062;
			remoteInfo = "WatchConnect WatchKit Extension";
		};
/* End PBXContainerItemProxy section */

/* Begin PBXCopyFilesBuildPhase section */
		1292D2262609FA4F00A3A062 /* Embed App Extensions */ = {
			isa = PBXCopyFilesBuildPhase;
			buildActionMask = 2147483647;
			dstPath = "";
			dstSubfolderSpec = 13;
			files = (
				1292D20F2609FA4F00A3A062 /* WatchConnect WatchKit Extension.appex in Embed App Extensions */,
			);
			name = "Embed App Extensions";
			runOnlyForDeploymentPostprocessing = 0;
		};
		1292D22A2609FA4F00A3A062 /* Embed Watch Content */ = {
			isa = PBXCopyFilesBuildPhase;
			buildActionMask = 2147483647;
			dstPath = "$(CONTENTS_FOLDER_PATH)/Watch";
			dstSubfolderSpec = 16;
			files = (
				1292D2002609FA4E00A3A062 /* WatchConnect WatchKit App.app in Embed Watch Content */,
			);
			name = "Embed Watch Content";
			runOnlyForDeploymentPostprocessing = 0;
		};
/* End PBXCopyFilesBuildPhase section */

/* Begin PBXFileReference section */
		1292D1EB2609FA4D00A3A062 /* WatchConnect.app */ = {isa = PBXFileReference; explicitFileType = wrapper.application; includeInIndex = 0; path = WatchConnect.app; sourceTree = BUILT_PRODUCTS_DIR; };
		1292D1EE2609FA4D00A3A062 /* AppDelegate.swift */ = {isa = PBXFileReference; lastKnownFileType = sourcecode.swift; path = AppDelegate.swift; sourceTree = "<group>"; };
		1292D1F02609FA4D00A3A062 /* SceneDelegate.swift */ = {isa = PBXFileReference; lastKnownFileType = sourcecode.swift; path = SceneDelegate.swift; sourceTree = "<group>"; };
		1292D1F22609FA4D00A3A062 /* ContentView.swift */ = {isa = PBXFileReference; lastKnownFileType = sourcecode.swift; path = ContentView.swift; sourceTree = "<group>"; };
		1292D1F42609FA4E00A3A062 /* Assets.xcassets */ = {isa = PBXFileReference; lastKnownFileType = folder.assetcatalog; path = Assets.xcassets; sourceTree = "<group>"; };
		1292D1F72609FA4E00A3A062 /* Preview Assets.xcassets */ = {isa = PBXFileReference; lastKnownFileType = folder.assetcatalog; path = "Preview Assets.xcassets"; sourceTree = "<group>"; };
		1292D1FA2609FA4E00A3A062 /* Base */ = {isa = PBXFileReference; lastKnownFileType = file.storyboard; name = Base; path = Base.lproj/LaunchScreen.storyboard; sourceTree = "<group>"; };
		1292D1FC2609FA4E00A3A062 /* Info.plist */ = {isa = PBXFileReference; lastKnownFileType = text.plist.xml; path = Info.plist; sourceTree = "<group>"; };
		1292D1FF2609FA4E00A3A062 /* WatchConnect WatchKit App.app */ = {isa = PBXFileReference; explicitFileType = wrapper.application; includeInIndex = 0; path = "WatchConnect WatchKit App.app"; sourceTree = BUILT_PRODUCTS_DIR; };
		1292D2052609FA4E00A3A062 /* Base */ = {isa = PBXFileReference; lastKnownFileType = file.storyboard; name = Base; path = Base.lproj/Interface.storyboard; sourceTree = "<group>"; };
		1292D2072609FA4E00A3A062 /* Assets.xcassets */ = {isa = PBXFileReference; lastKnownFileType = folder.assetcatalog; path = Assets.xcassets; sourceTree = "<group>"; };
		1292D2092609FA4E00A3A062 /* Info.plist */ = {isa = PBXFileReference; lastKnownFileType = text.plist.xml; path = Info.plist; sourceTree = "<group>"; };
		1292D20E2609FA4F00A3A062 /* WatchConnect WatchKit Extension.appex */ = {isa = PBXFileReference; explicitFileType = "wrapper.app-extension"; includeInIndex = 0; path = "WatchConnect WatchKit Extension.appex"; sourceTree = BUILT_PRODUCTS_DIR; };
		1292D2132609FA4F00A3A062 /* HostingController.swift */ = {isa = PBXFileReference; lastKnownFileType = sourcecode.swift; path = HostingController.swift; sourceTree = "<group>"; };
		1292D2152609FA4F00A3A062 /* ContentView.swift */ = {isa = PBXFileReference; lastKnownFileType = sourcecode.swift; path = ContentView.swift; sourceTree = "<group>"; };
		1292D2172609FA4F00A3A062 /* ExtensionDelegate.swift */ = {isa = PBXFileReference; lastKnownFileType = sourcecode.swift; path = ExtensionDelegate.swift; sourceTree = "<group>"; };
		1292D2192609FA4F00A3A062 /* ComplicationController.swift */ = {isa = PBXFileReference; lastKnownFileType = sourcecode.swift; path = ComplicationController.swift; sourceTree = "<group>"; };
		1292D21B2609FA4F00A3A062 /* Assets.xcassets */ = {isa = PBXFileReference; lastKnownFileType = folder.assetcatalog; path = Assets.xcassets; sourceTree = "<group>"; };
		1292D21E2609FA4F00A3A062 /* Preview Assets.xcassets */ = {isa = PBXFileReference; lastKnownFileType = folder.assetcatalog; path = "Preview Assets.xcassets"; sourceTree = "<group>"; };
		1292D2202609FA4F00A3A062 /* Info.plist */ = {isa = PBXFileReference; lastKnownFileType = text.plist.xml; path = Info.plist; sourceTree = "<group>"; };
		1292D2312609FBF000A3A062 /* Connectivity.swift */ = {isa = PBXFileReference; lastKnownFileType = sourcecode.swift; path = Connectivity.swift; sourceTree = "<group>"; };
/* End PBXFileReference section */

/* Begin PBXFrameworksBuildPhase section */
		1292D1E82609FA4D00A3A062 /* Frameworks */ = {
			isa = PBXFrameworksBuildPhase;
			buildActionMask = 2147483647;
			files = (
			);
			runOnlyForDeploymentPostprocessing = 0;
		};
		1292D20B2609FA4F00A3A062 /* Frameworks */ = {
			isa = PBXFrameworksBuildPhase;
			buildActionMask = 2147483647;
			files = (
			);
			runOnlyForDeploymentPostprocessing = 0;
		};
/* End PBXFrameworksBuildPhase section */

/* Begin PBXGroup section */
		1292D1E22609FA4C00A3A062 = {
			isa = PBXGroup;
			children = (
				1292D1ED2609FA4D00A3A062 /* WatchConnect */,
				1292D2032609FA4E00A3A062 /* WatchConnect WatchKit App */,
				1292D2122609FA4F00A3A062 /* WatchConnect WatchKit Extension */,
				1292D1EC2609FA4D00A3A062 /* Products */,
			);
			sourceTree = "<group>";
		};
		1292D1EC2609FA4D00A3A062 /* Products */ = {
			isa = PBXGroup;
			children = (
				1292D1EB2609FA4D00A3A062 /* WatchConnect.app */,
				1292D1FF2609FA4E00A3A062 /* WatchConnect WatchKit App.app */,
				1292D20E2609FA4F00A3A062 /* WatchConnect WatchKit Extension.appex */,
			);
			name = Products;
			sourceTree = "<group>";
		};
		1292D1ED2609FA4D00A3A062 /* WatchConnect */ = {
			isa = PBXGroup;
			children = (
				1292D1EE2609FA4D00A3A062 /* AppDelegate.swift */,
				1292D1F02609FA4D00A3A062 /* SceneDelegate.swift */,
				1292D1F22609FA4D00A3A062 /* ContentView.swift */,
				1292D1F42609FA4E00A3A062 /* Assets.xcassets */,
				1292D1F92609FA4E00A3A062 /* LaunchScreen.storyboard */,
				1292D1FC2609FA4E00A3A062 /* Info.plist */,
				1292D1F62609FA4E00A3A062 /* Preview Content */,
			);
			path = WatchConnect;
			sourceTree = "<group>";
		};
		1292D1F62609FA4E00A3A062 /* Preview Content */ = {
			isa = PBXGroup;
			children = (
				1292D1F72609FA4E00A3A062 /* Preview Assets.xcassets */,
			);
			path = "Preview Content";
			sourceTree = "<group>";
		};
		1292D2032609FA4E00A3A062 /* WatchConnect WatchKit App */ = {
			isa = PBXGroup;
			children = (
				1292D2042609FA4E00A3A062 /* Interface.storyboard */,
				1292D2072609FA4E00A3A062 /* Assets.xcassets */,
				1292D2092609FA4E00A3A062 /* Info.plist */,
			);
			path = "WatchConnect WatchKit App";
			sourceTree = "<group>";
		};
		1292D2122609FA4F00A3A062 /* WatchConnect WatchKit Extension */ = {
			isa = PBXGroup;
			children = (
				1292D2132609FA4F00A3A062 /* HostingController.swift */,
				1292D2152609FA4F00A3A062 /* ContentView.swift */,
				1292D2312609FBF000A3A062 /* Connectivity.swift */,
				1292D2172609FA4F00A3A062 /* ExtensionDelegate.swift */,
				1292D2192609FA4F00A3A062 /* ComplicationController.swift */,
				1292D21B2609FA4F00A3A062 /* Assets.xcassets */,
				1292D2202609FA4F00A3A062 /* Info.plist */,
				1292D21D2609FA4F00A3A062 /* Preview Content */,
			);
			path = "WatchConnect WatchKit Extension";
			sourceTree = "<group>";
		};
		1292D21D2609FA4F00A3A062 /* Preview Content */ = {
			isa = PBXGroup;
			children = (
				1292D21E2609FA4F00A3A062 /* Preview Assets.xcassets */,
			);
			path = "Preview Content";
			sourceTree = "<group>";
		};
/* End PBXGroup section */

/* Begin PBXNativeTarget section */
		1292D1EA2609FA4D00A3A062 /* WatchConnect */ = {
			isa = PBXNativeTarget;
			buildConfigurationList = 1292D22B2609FA4F00A3A062 /* Build configuration list for PBXNativeTarget "WatchConnect" */;
			buildPhases = (
				1292D1E72609FA4D00A3A062 /* Sources */,
				1292D1E82609FA4D00A3A062 /* Frameworks */,
				1292D1E92609FA4D00A3A062 /* Resources */,
				1292D22A2609FA4F00A3A062 /* Embed Watch Content */,
			);
			buildRules = (
			);
			dependencies = (
				1292D2022609FA4E00A3A062 /* PBXTargetDependency */,
			);
			name = WatchConnect;
			productName = WatchConnect;
			productReference = 1292D1EB2609FA4D00A3A062 /* WatchConnect.app */;
			productType = "com.apple.product-type.application";
		};
		1292D1FE2609FA4E00A3A062 /* WatchConnect WatchKit App */ = {
			isa = PBXNativeTarget;
			buildConfigurationList = 1292D2272609FA4F00A3A062 /* Build configuration list for PBXNativeTarget "WatchConnect WatchKit App" */;
			buildPhases = (
				1292D1FD2609FA4E00A3A062 /* Resources */,
				1292D2262609FA4F00A3A062 /* Embed App Extensions */,
			);
			buildRules = (
			);
			dependencies = (
				1292D2112609FA4F00A3A062 /* PBXTargetDependency */,
			);
			name = "WatchConnect WatchKit App";
			productName = "WatchConnect WatchKit App";
			productReference = 1292D1FF2609FA4E00A3A062 /* WatchConnect WatchKit App.app */;
			productType = "com.apple.product-type.application.watchapp2";
		};
		1292D20D2609FA4F00A3A062 /* WatchConnect WatchKit Extension */ = {
			isa = PBXNativeTarget;
			buildConfigurationList = 1292D2232609FA4F00A3A062 /* Build configuration list for PBXNativeTarget "WatchConnect WatchKit Extension" */;
			buildPhases = (
				1292D20A2609FA4F00A3A062 /* Sources */,
				1292D20B2609FA4F00A3A062 /* Frameworks */,
				1292D20C2609FA4F00A3A062 /* Resources */,
			);
			buildRules = (
			);
			dependencies = (
			);
			name = "WatchConnect WatchKit Extension";
			productName = "WatchConnect WatchKit Extension";
			productReference = 1292D20E2609FA4F00A3A062 /* WatchConnect WatchKit Extension.appex */;
			productType = "com.apple.product-type.watchkit2-extension";
		};
/* End PBXNativeTarget section */

/* Begin PBXProject section */
		1292D1E32609FA4C00A3A062 /* Project object */ = {
			isa = PBXProject;
			attributes = {
				LastSwiftUpdateCheck = 1240;
				LastUpgradeCheck = 1240;
				TargetAttributes = {
					1292D1EA2609FA4D00A3A062 = {
						CreatedOnToolsVersion = 12.4;
					};
					1292D1FE2609FA4E00A3A062 = {
						CreatedOnToolsVersion = 12.4;
					};
					1292D20D2609FA4F00A3A062 = {
						CreatedOnToolsVersion = 12.4;
					};
				};
			};
			buildConfigurationList = 1292D1E62609FA4C00A3A062 /* Build configuration list for PBXProject "WatchConnect" */;
			compatibilityVersion = "Xcode 9.3";
			developmentRegion = en;
			hasScannedForEncodings = 0;
			knownRegions = (
				en,
				Base,
			);
			mainGroup = 1292D1E22609FA4C00A3A062;
			productRefGroup = 1292D1EC2609FA4D00A3A062 /* Products */;
			projectDirPath = "";
			projectRoot = "";
			targets = (
				1292D1EA2609FA4D00A3A062 /* WatchConnect */,
				1292D1FE2609FA4E00A3A062 /* WatchConnect WatchKit App */,
				1292D20D2609FA4F00A3A062 /* WatchConnect WatchKit Extension */,
			);
		};
/* End PBXProject section */

/* Begin PBXResourcesBuildPhase section */
		1292D1E92609FA4D00A3A062 /* Resources */ = {
			isa = PBXResourcesBuildPhase;
			buildActionMask = 2147483647;
			files = (
				1292D1FB2609FA4E00A3A062 /* LaunchScreen.storyboard in Resources */,
				1292D1F82609FA4E00A3A062 /* Preview Assets.xcassets in Resources */,
				1292D1F52609FA4E00A3A062 /* Assets.xcassets in Resources */,
			);
			runOnlyForDeploymentPostprocessing = 0;
		};
		1292D1FD2609FA4E00A3A062 /* Resources */ = {
			isa = PBXResourcesBuildPhase;
			buildActionMask = 2147483647;
			files = (
				1292D2082609FA4E00A3A062 /* Assets.xcassets in Resources */,
				1292D2062609FA4E00A3A062 /* Interface.storyboard in Resources */,
			);
			runOnlyForDeploymentPostprocessing = 0;
		};
		1292D20C2609FA4F00A3A062 /* Resources */ = {
			isa = PBXResourcesBuildPhase;
			buildActionMask = 2147483647;
			files = (
				1292D21F2609FA4F00A3A062 /* Preview Assets.xcassets in Resources */,
				1292D21C2609FA4F00A3A062 /* Assets.xcassets in Resources */,
			);
			runOnlyForDeploymentPostprocessing = 0;
		};
/* End PBXResourcesBuildPhase section */

/* Begin PBXSourcesBuildPhase section */
		1292D1E72609FA4D00A3A062 /* Sources */ = {
			isa = PBXSourcesBuildPhase;
			buildActionMask = 2147483647;
			files = (
				1292D2322609FBF000A3A062 /* Connectivity.swift in Sources */,
				1292D1EF2609FA4D00A3A062 /* AppDelegate.swift in Sources */,
				1292D1F12609FA4D00A3A062 /* SceneDelegate.swift in Sources */,
				1292D1F32609FA4D00A3A062 /* ContentView.swift in Sources */,
			);
			runOnlyForDeploymentPostprocessing = 0;
		};
		1292D20A2609FA4F00A3A062 /* Sources */ = {
			isa = PBXSourcesBuildPhase;
			buildActionMask = 2147483647;
			files = (
				1292D2162609FA4F00A3A062 /* ContentView.swift in Sources */,
				1292D21A2609FA4F00A3A062 /* ComplicationController.swift in Sources */,
				1292D2332609FBF000A3A062 /* Connectivity.swift in Sources */,
				1292D2142609FA4F00A3A062 /* HostingController.swift in Sources */,
				1292D2182609FA4F00A3A062 /* ExtensionDelegate.swift in Sources */,
			);
			runOnlyForDeploymentPostprocessing = 0;
		};
/* End PBXSourcesBuildPhase section */

/* Begin PBXTargetDependency section */
		1292D2022609FA4E00A3A062 /* PBXTargetDependency */ = {
			isa = PBXTargetDependency;
			target = 1292D1FE2609FA4E00A3A062 /* WatchConnect WatchKit App */;
			targetProxy = 1292D2012609FA4E00A3A062 /* PBXContainerItemProxy */;
		};
		1292D2112609FA4F00A3A062 /* PBXTargetDependency */ = {
			isa = PBXTargetDependency;
			target = 1292D20D2609FA4F00A3A062 /* WatchConnect WatchKit Extension */;
			targetProxy = 1292D2102609FA4F00A3A062 /* PBXContainerItemProxy */;
		};
/* End PBXTargetDependency section */

/* Begin PBXVariantGroup section */
		1292D1F92609FA4E00A3A062 /* LaunchScreen.storyboard */ = {
			isa = PBXVariantGroup;
			children = (
				1292D1FA2609FA4E00A3A062 /* Base */,
			);
			name = LaunchScreen.storyboard;
			sourceTree = "<group>";
		};
		1292D2042609FA4E00A3A062 /* Interface.storyboard */ = {
			isa = PBXVariantGroup;
			children = (
				1292D2052609FA4E00A3A062 /* Base */,
			);
			name = Interface.storyboard;
			sourceTree = "<group>";
		};
/* End PBXVariantGroup section */

/* Begin XCBuildConfiguration section */
		1292D2212609FA4F00A3A062 /* Debug */ = {
			isa = XCBuildConfiguration;
			buildSettings = {
				ALWAYS_SEARCH_USER_PATHS = NO;
				CLANG_ANALYZER_NONNULL = YES;
				CLANG_ANALYZER_NUMBER_OBJECT_CONVERSION = YES_AGGRESSIVE;
				CLANG_CXX_LANGUAGE_STANDARD = "gnu++14";
				CLANG_CXX_LIBRARY = "libc++";
				CLANG_ENABLE_MODULES = YES;
				CLANG_ENABLE_OBJC_ARC = YES;
				CLANG_ENABLE_OBJC_WEAK = YES;
				CLANG_WARN_BLOCK_CAPTURE_AUTORELEASING = YES;
				CLANG_WARN_BOOL_CONVERSION = YES;
				CLANG_WARN_COMMA = YES;
				CLANG_WARN_CONSTANT_CONVERSION = YES;
				CLANG_WARN_DEPRECATED_OBJC_IMPLEMENTATIONS = YES;
				CLANG_WARN_DIRECT_OBJC_ISA_USAGE = YES_ERROR;
				CLANG_WARN_DOCUMENTATION_COMMENTS = YES;
				CLANG_WARN_EMPTY_BODY = YES;
				CLANG_WARN_ENUM_CONVERSION = YES;
				CLANG_WARN_INFINITE_RECURSION = YES;
				CLANG_WARN_INT_CONVERSION = YES;
				CLANG_WARN_NON_LITERAL_NULL_CONVERSION = YES;
				CLANG_WARN_OBJC_IMPLICIT_RETAIN_SELF = YES;
				CLANG_WARN_OBJC_LITERAL_CONVERSION = YES;
				CLANG_WARN_OBJC_ROOT_CLASS = YES_ERROR;
				CLANG_WARN_QUOTED_INCLUDE_IN_FRAMEWORK_HEADER = YES;
				CLANG_WARN_RANGE_LOOP_ANALYSIS = YES;
				CLANG_WARN_STRICT_PROTOTYPES = YES;
				CLANG_WARN_SUSPICIOUS_MOVE = YES;
				CLANG_WARN_UNGUARDED_AVAILABILITY = YES_AGGRESSIVE;
				CLANG_WARN_UNREACHABLE_CODE = YES;
				CLANG_WARN__DUPLICATE_METHOD_MATCH = YES;
				COPY_PHASE_STRIP = NO;
				DEBUG_INFORMATION_FORMAT = dwarf;
				ENABLE_STRICT_OBJC_MSGSEND = YES;
				ENABLE_TESTABILITY = YES;
				GCC_C_LANGUAGE_STANDARD = gnu11;
				GCC_DYNAMIC_NO_PIC = NO;
				GCC_NO_COMMON_BLOCKS = YES;
				GCC_OPTIMIZATION_LEVEL = 0;
				GCC_PREPROCESSOR_DEFINITIONS = (
					"DEBUG=1",
					"$(inherited)",
				);
				GCC_WARN_64_TO_32_BIT_CONVERSION = YES;
				GCC_WARN_ABOUT_RETURN_TYPE = YES_ERROR;
				GCC_WARN_UNDECLARED_SELECTOR = YES;
				GCC_WARN_UNINITIALIZED_AUTOS = YES_AGGRESSIVE;
				GCC_WARN_UNUSED_FUNCTION = YES;
				GCC_WARN_UNUSED_VARIABLE = YES;
				MTL_ENABLE_DEBUG_INFO = INCLUDE_SOURCE;
				MTL_FAST_MATH = YES;
				ONLY_ACTIVE_ARCH = YES;
				SWIFT_ACTIVE_COMPILATION_CONDITIONS = DEBUG;
				SWIFT_OPTIMIZATION_LEVEL = "-Onone";
			};
			name = Debug;
		};
		1292D2222609FA4F00A3A062 /* Release */ = {
			isa = XCBuildConfiguration;
			buildSettings = {
				ALWAYS_SEARCH_USER_PATHS = NO;
				CLANG_ANALYZER_NONNULL = YES;
				CLANG_ANALYZER_NUMBER_OBJECT_CONVERSION = YES_AGGRESSIVE;
				CLANG_CXX_LANGUAGE_STANDARD = "gnu++14";
				CLANG_CXX_LIBRARY = "libc++";
				CLANG_ENABLE_MODULES = YES;
				CLANG_ENABLE_OBJC_ARC = YES;
				CLANG_ENABLE_OBJC_WEAK = YES;
				CLANG_WARN_BLOCK_CAPTURE_AUTORELEASING = YES;
				CLANG_WARN_BOOL_CONVERSION = YES;
				CLANG_WARN_COMMA = YES;
				CLANG_WARN_CONSTANT_CONVERSION = YES;
				CLANG_WARN_DEPRECATED_OBJC_IMPLEMENTATIONS = YES;
				CLANG_WARN_DIRECT_OBJC_ISA_USAGE = YES_ERROR;
				CLANG_WARN_DOCUMENTATION_COMMENTS = YES;
				CLANG_WARN_EMPTY_BODY = YES;
				CLANG_WARN_ENUM_CONVERSION = YES;
				CLANG_WARN_INFINITE_RECURSION = YES;
				CLANG_WARN_INT_CONVERSION = YES;
				CLANG_WARN_NON_LITERAL_NULL_CONVERSION = YES;
				CLANG_WARN_OBJC_IMPLICIT_RETAIN_SELF = YES;
				CLANG_WARN_OBJC_LITERAL_CONVERSION = YES;
				CLANG_WARN_OBJC_ROOT_CLASS = YES_ERROR;
				CLANG_WARN_QUOTED_INCLUDE_IN_FRAMEWORK_HEADER = YES;
				CLANG_WARN_RANGE_LOOP_ANALYSIS = YES;
				CLANG_WARN_STRICT_PROTOTYPES = YES;
				CLANG_WARN_SUSPICIOUS_MOVE = YES;
				CLANG_WARN_UNGUARDED_AVAILABILITY = YES_AGGRESSIVE;
				CLANG_WARN_UNREACHABLE_CODE = YES;
				CLANG_WARN__DUPLICATE_METHOD_MATCH = YES;
				COPY_PHASE_STRIP = NO;
				DEBUG_INFORMATION_FORMAT = "dwarf-with-dsym";
				ENABLE_NS_ASSERTIONS = NO;
				ENABLE_STRICT_OBJC_MSGSEND = YES;
				GCC_C_LANGUAGE_STANDARD = gnu11;
				GCC_NO_COMMON_BLOCKS = YES;
				GCC_WARN_64_TO_32_BIT_CONVERSION = YES;
				GCC_WARN_ABOUT_RETURN_TYPE = YES_ERROR;
				GCC_WARN_UNDECLARED_SELECTOR = YES;
				GCC_WARN_UNINITIALIZED_AUTOS = YES_AGGRESSIVE;
				GCC_WARN_UNUSED_FUNCTION = YES;
				GCC_WARN_UNUSED_VARIABLE = YES;
				MTL_ENABLE_DEBUG_INFO = NO;
				MTL_FAST_MATH = YES;
				SWIFT_COMPILATION_MODE = wholemodule;
				SWIFT_OPTIMIZATION_LEVEL = "-O";
			};
			name = Release;
		};
		1292D2242609FA4F00A3A062 /* Debug */ = {
			isa = XCBuildConfiguration;
			buildSettings = {
				ASSETCATALOG_COMPILER_COMPLICATION_NAME = Complication;
				CODE_SIGN_STYLE = Automatic;
				DEVELOPMENT_ASSET_PATHS = "\"WatchConnect WatchKit Extension/Preview Content\"";
				DEVELOPMENT_TEAM = X6M775UK8W;
				ENABLE_PREVIEWS = YES;
				INFOPLIST_FILE = "WatchConnect WatchKit Extension/Info.plist";
				LD_RUNPATH_SEARCH_PATHS = (
					"$(inherited)",
					"@executable_path/Frameworks",
					"@executable_path/../../Frameworks",
				);
				PRODUCT_BUNDLE_IDENTIFIER = app.dsmith.WatchConnect.watchkitapp.watchkitextension;
				PRODUCT_NAME = "${TARGET_NAME}";
				SDKROOT = watchos;
				SKIP_INSTALL = YES;
				SWIFT_VERSION = 5.0;
				TARGETED_DEVICE_FAMILY = 4;
				WATCHOS_DEPLOYMENT_TARGET = 7.2;
			};
			name = Debug;
		};
		1292D2252609FA4F00A3A062 /* Release */ = {
			isa = XCBuildConfiguration;
			buildSettings = {
				ASSETCATALOG_COMPILER_COMPLICATION_NAME = Complication;
				CODE_SIGN_STYLE = Automatic;
				DEVELOPMENT_ASSET_PATHS = "\"WatchConnect WatchKit Extension/Preview Content\"";
				DEVELOPMENT_TEAM = X6M775UK8W;
				ENABLE_PREVIEWS = YES;
				INFOPLIST_FILE = "WatchConnect WatchKit Extension/Info.plist";
				LD_RUNPATH_SEARCH_PATHS = (
					"$(inherited)",
					"@executable_path/Frameworks",
					"@executable_path/../../Frameworks",
				);
				PRODUCT_BUNDLE_IDENTIFIER = app.dsmith.WatchConnect.watchkitapp.watchkitextension;
				PRODUCT_NAME = "${TARGET_NAME}";
				SDKROOT = watchos;
				SKIP_INSTALL = YES;
				SWIFT_VERSION = 5.0;
				TARGETED_DEVICE_FAMILY = 4;
				VALIDATE_PRODUCT = YES;
				WATCHOS_DEPLOYMENT_TARGET = 7.2;
			};
			name = Release;
		};
		1292D2282609FA4F00A3A062 /* Debug */ = {
			isa = XCBuildConfiguration;
			buildSettings = {
				ALWAYS_EMBED_SWIFT_STANDARD_LIBRARIES = YES;
				ASSETCATALOG_COMPILER_APPICON_NAME = AppIcon;
				ASSETCATALOG_COMPILER_GLOBAL_ACCENT_COLOR_NAME = AccentColor;
				CODE_SIGN_STYLE = Automatic;
				DEVELOPMENT_TEAM = X6M775UK8W;
				IBSC_MODULE = WatchConnect_WatchKit_Extension;
				INFOPLIST_FILE = "WatchConnect WatchKit App/Info.plist";
				PRODUCT_BUNDLE_IDENTIFIER = app.dsmith.WatchConnect.watchkitapp;
				PRODUCT_NAME = "$(TARGET_NAME)";
				SDKROOT = watchos;
				SKIP_INSTALL = YES;
				SWIFT_VERSION = 5.0;
				TARGETED_DEVICE_FAMILY = 4;
				WATCHOS_DEPLOYMENT_TARGET = 7.2;
			};
			name = Debug;
		};
		1292D2292609FA4F00A3A062 /* Release */ = {
			isa = XCBuildConfiguration;
			buildSettings = {
				ALWAYS_EMBED_SWIFT_STANDARD_LIBRARIES = YES;
				ASSETCATALOG_COMPILER_APPICON_NAME = AppIcon;
				ASSETCATALOG_COMPILER_GLOBAL_ACCENT_COLOR_NAME = AccentColor;
				CODE_SIGN_STYLE = Automatic;
				DEVELOPMENT_TEAM = X6M775UK8W;
				IBSC_MODULE = WatchConnect_WatchKit_Extension;
				INFOPLIST_FILE = "WatchConnect WatchKit App/Info.plist";
				PRODUCT_BUNDLE_IDENTIFIER = app.dsmith.WatchConnect.watchkitapp;
				PRODUCT_NAME = "$(TARGET_NAME)";
				SDKROOT = watchos;
				SKIP_INSTALL = YES;
				SWIFT_VERSION = 5.0;
				TARGETED_DEVICE_FAMILY = 4;
				VALIDATE_PRODUCT = YES;
				WATCHOS_DEPLOYMENT_TARGET = 7.2;
			};
			name = Release;
		};
		1292D22C2609FA4F00A3A062 /* Debug */ = {
			isa = XCBuildConfiguration;
			buildSettings = {
				ASSETCATALOG_COMPILER_APPICON_NAME = AppIcon;
				ASSETCATALOG_COMPILER_GLOBAL_ACCENT_COLOR_NAME = AccentColor;
				CODE_SIGN_STYLE = Automatic;
				DEVELOPMENT_ASSET_PATHS = "\"WatchConnect/Preview Content\"";
				DEVELOPMENT_TEAM = X6M775UK8W;
				ENABLE_PREVIEWS = YES;
				INFOPLIST_FILE = WatchConnect/Info.plist;
				IPHONEOS_DEPLOYMENT_TARGET = 14.4;
				LD_RUNPATH_SEARCH_PATHS = (
					"$(inherited)",
					"@executable_path/Frameworks",
				);
				PRODUCT_BUNDLE_IDENTIFIER = app.dsmith.WatchConnect;
				PRODUCT_NAME = "$(TARGET_NAME)";
				SDKROOT = iphoneos;
				SWIFT_VERSION = 5.0;
				TARGETED_DEVICE_FAMILY = "1,2";
			};
			name = Debug;
		};
		1292D22D2609FA4F00A3A062 /* Release */ = {
			isa = XCBuildConfiguration;
			buildSettings = {
				ASSETCATALOG_COMPILER_APPICON_NAME = AppIcon;
				ASSETCATALOG_COMPILER_GLOBAL_ACCENT_COLOR_NAME = AccentColor;
				CODE_SIGN_STYLE = Automatic;
				DEVELOPMENT_ASSET_PATHS = "\"WatchConnect/Preview Content\"";
				DEVELOPMENT_TEAM = X6M775UK8W;
				ENABLE_PREVIEWS = YES;
				INFOPLIST_FILE = WatchConnect/Info.plist;
				IPHONEOS_DEPLOYMENT_TARGET = 14.4;
				LD_RUNPATH_SEARCH_PATHS = (
					"$(inherited)",
					"@executable_path/Frameworks",
				);
				PRODUCT_BUNDLE_IDENTIFIER = app.dsmith.WatchConnect;
				PRODUCT_NAME = "$(TARGET_NAME)";
				SDKROOT = iphoneos;
				SWIFT_VERSION = 5.0;
				TARGETED_DEVICE_FAMILY = "1,2";
				VALIDATE_PRODUCT = YES;
			};
			name = Release;
		};
/* End XCBuildConfiguration section */

/* Begin XCConfigurationList section */
		1292D1E62609FA4C00A3A062 /* Build configuration list for PBXProject "WatchConnect" */ = {
			isa = XCConfigurationList;
			buildConfigurations = (
				1292D2212609FA4F00A3A062 /* Debug */,
				1292D2222609FA4F00A3A062 /* Release */,
			);
			defaultConfigurationIsVisible = 0;
			defaultConfigurationName = Release;
		};
		1292D2232609FA4F00A3A062 /* Build configuration list for PBXNativeTarget "WatchConnect WatchKit Extension" */ = {
			isa = XCConfigurationList;
			buildConfigurations = (
				1292D2242609FA4F00A3A062 /* Debug */,
				1292D2252609FA4F00A3A062 /* Release */,
			);
			defaultConfigurationIsVisible = 0;
			defaultConfigurationName = Release;
		};
		1292D2272609FA4F00A3A062 /* Build configuration list for PBXNativeTarget "WatchConnect WatchKit App" */ = {
			isa = XCConfigurationList;
			buildConfigurations = (
				1292D2282609FA4F00A3A062 /* Debug */,
				1292D2292609FA4F00A3A062 /* Release */,
			);
			defaultConfigurationIsVisible = 0;
			defaultConfigurationName = Release;
		};
		1292D22B2609FA4F00A3A062 /* Build configuration list for PBXNativeTarget "WatchConnect" */ = {
			isa = XCConfigurationList;
			buildConfigurations = (
				1292D22C2609FA4F00A3A062 /* Debug */,
				1292D22D2609FA4F00A3A062 /* Release */,
			);
			defaultConfigurationIsVisible = 0;
			defaultConfigurationName = Release;
		};
/* End XCConfigurationList section */
	};
	rootObject = 1292D1E32609FA4C00A3A062 /* Project object */;
}
